# This file is automatically @generated by Cargo.
# It is not intended for manual editing.
version = 3

[[package]]
name = "c-marshalling"
version = "0.2.0"
source = "git+https://github.com/distil/rust_lua_ffi#30820cdc9282c938dbf8e7bb0a1ea31cf56b25a6"
dependencies = [
 "libc",
 "quick-error",
]

[[package]]
name = "derive-c-marshalling-library"
version = "0.1.0"
source = "git+https://github.com/distil/rust_lua_ffi#30820cdc9282c938dbf8e7bb0a1ea31cf56b25a6"
dependencies = [
 "libc",
 "quote",
 "syn",
]

[[package]]
name = "derive-lua-marshalling"
version = "0.2.0"
source = "git+https://github.com/distil/rust_lua_ffi#30820cdc9282c938dbf8e7bb0a1ea31cf56b25a6"
dependencies = [
 "derive-c-marshalling-library",
 "libc",
 "quote",
 "syn",
]

[[package]]
name = "generator"
version = "2.0.0"
source = "git+https://github.com/distil/rust_lua_ffi#30820cdc9282c938dbf8e7bb0a1ea31cf56b25a6"
dependencies = [
 "parser",
 "quote",
 "syn",
]

[[package]]
name = "lazy_static"
version = "1.4.0"
source = "registry+https://github.com/rust-lang/crates.io-index"
checksum = "e2abad23fbc42b3700f2f279844dc832adb2b2eb069b2df918f455c4e18cc646"

[[package]]
name = "libc"
version = "0.2.151"
source = "registry+https://github.com/rust-lang/crates.io-index"
checksum = "302d7ab3130588088d277783b1e2d2e10c9e9e4a16dd9050e6ec93fb3e7048f4"

[[package]]
name = "lua-marshalling"
version = "0.3.0"
source = "git+https://github.com/distil/rust_lua_ffi#30820cdc9282c938dbf8e7bb0a1ea31cf56b25a6"
dependencies = [
 "c-marshalling",
 "derive-lua-marshalling",
 "lazy_static",
 "libc",
]

[[package]]
name = "lua_utils"
version = "0.1.0"
dependencies = [
 "c-marshalling",
 "generator",
 "libc",
 "lua-marshalling",
]

[[package]]
name = "parser"
version = "0.2.0"
source = "git+https://github.com/distil/rust_lua_ffi#30820cdc9282c938dbf8e7bb0a1ea31cf56b25a6"
dependencies = [
 "quote",
 "syn",
]

[[package]]
name = "proc-macro2"
version = "0.2.3"
source = "registry+https://github.com/rust-lang/crates.io-index"
checksum = "cd07deb3c6d1d9ff827999c7f9b04cdfd66b1b17ae508e14fe47b620f2282ae0"
dependencies = [
 "unicode-xid",
]

[[package]]
name = "quick-error"
version = "1.2.3"
source = "registry+https://github.com/rust-lang/crates.io-index"
checksum = "a1d01941d82fa2ab50be1e79e6714289dd7cde78eba4c074bc5a4374f650dfe0"

[[package]]
name = "quote"
version = "0.4.2"
source = "registry+https://github.com/rust-lang/crates.io-index"
checksum = "1eca14c727ad12702eb4b6bfb5a232287dcf8385cb8ca83a3eeaf6519c44c408"
dependencies = [
 "proc-macro2",
]

[[package]]
name = "syn"
version = "0.12.15"
source = "registry+https://github.com/rust-lang/crates.io-index"
checksum = "c97c05b8ebc34ddd6b967994d5c6e9852fa92f8b82b3858c39451f97346dcce5"
dependencies = [
 "proc-macro2",
 "quote",
 "unicode-xid",
]

[[package]]
name = "unicode-xid"
version = "0.1.0"
source = "registry+https://github.com/rust-lang/crates.io-index"
checksum = "fc72304796d0818e357ead4e000d19c9c174ab23dc11093ac919054d20a6a7fc"
